<?xml version="1.0" encoding="utf-8"?>
<Project ToolsVersion="4.0" xmlns="http://schemas.microsoft.com/developer/msbuild/2003">
  <ItemGroup>
    <Filter Include="Source Files">
      <UniqueIdentifier>{4FC737F1-C7A5-4376-A066-2A32D752A2FF}</UniqueIdentifier>
      <Extensions>cpp;c;cc;cxx;def;odl;idl;hpj;bat;asm;asmx</Extensions>
    </Filter>
    <Filter Include="Header Files">
      <UniqueIdentifier>{93995380-89BD-4b04-88EB-625FBE52EBFB}</UniqueIdentifier>
      <Extensions>h;hh;hpp;hxx;hm;inl;inc;xsd</Extensions>
    </Filter>
    <Filter Include="Resource Files">
      <UniqueIdentifier>{67DA6AB6-F800-4c08-8B7A-83BB121AAD01}</UniqueIdentifier>
      <Extensions>rc;ico;cur;bmp;dlg;rc2;rct;bin;rgs;gif;jpg;jpeg;jpe;resx;tiff;tif;png;wav</Extensions>
    </Filter>
  </ItemGroup>
  <ItemGroup>
    <ClCompile Include="core\cmdline.cpp">
      <Filter>Source Files</Filter>
    </ClCompile>
    <ClCompile Include="core\cons.cpp">
      <Filter>Source Files</Filter>
    </ClCompile>
    <ClCompile Include="core\nvalue.cpp">
      <Filter>Source Files</Filter>
    </ClCompile>
    <ClCompile Include="core\setcons.cpp">
      <Filter>Source Files</Filter>
    </ClCompile>
    <ClCompile Include="core\solver.cpp">
      <Filter>Source Files</Filter>
    </ClCompile>
    <ClCompile Include="core\utils.cpp">
      <Filter>Source Files</Filter>
    </ClCompile>
    <ClCompile Include="fz\flatzinc.cpp">
      <Filter>Source Files</Filter>
    </ClCompile>
    <ClCompile Include="fz\main-fz.cpp">
      <Filter>Source Files</Filter>
    </ClCompile>
    <ClCompile Include="fz\registry.cpp">
      <Filter>Source Files</Filter>
    </ClCompile>
    <ClCompile Include="fz\parser.tab.cpp">
      <Filter>Source Files</Filter>
    </ClCompile>
    <ClCompile Include="fz\lexer.yy.cpp">
      <Filter>Source Files</Filter>
    </ClCompile>
  </ItemGroup>
  <ItemGroup>
    <ClInclude Include="core\cmdline.hpp">
      <Filter>Header Files</Filter>
    </ClInclude>
    <ClInclude Include="core\cons.hpp">
      <Filter>Header Files</Filter>
    </ClInclude>
    <ClInclude Include="core\setcons.hpp">
      <Filter>Header Files</Filter>
    </ClInclude>
    <ClInclude Include="core\solver.hpp">
      <Filter>Header Files</Filter>
    </ClInclude>
    <ClInclude Include="core\solvertypes.hpp">
      <Filter>Header Files</Filter>
    </ClInclude>
    <ClInclude Include="core\utils.hpp">
      <Filter>Header Files</Filter>
    </ClInclude>
    <ClInclude Include="fz\ast.hpp">
      <Filter>Header Files</Filter>
    </ClInclude>
    <ClInclude Include="fz\conexpr.hpp">
      <Filter>Header Files</Filter>
    </ClInclude>
    <ClInclude Include="fz\flatzinc.hpp">
      <Filter>Header Files</Filter>
    </ClInclude>
    <ClInclude Include="fz\option.hpp">
      <Filter>Header Files</Filter>
    </ClInclude>
    <ClInclude Include="fz\parser.hpp">
      <Filter>Header Files</Filter>
    </ClInclude>
    <ClInclude Include="fz\registry.hpp">
      <Filter>Header Files</Filter>
    </ClInclude>
    <ClInclude Include="fz\symboltable.hpp">
      <Filter>Header Files</Filter>
    </ClInclude>
    <ClInclude Include="fz\varspec.hpp">
      <Filter>Header Files</Filter>
    </ClInclude>
    <ClInclude Include="mtl\Alg.h">
      <Filter>Header Files</Filter>
    </ClInclude>
    <ClInclude Include="mtl\BasicHeap.h">
      <Filter>Header Files</Filter>
    </ClInclude>
    <ClInclude Include="mtl\BoxedVec.h">
      <Filter>Header Files</Filter>
    </ClInclude>
    <ClInclude Include="mtl\Heap.h">
      <Filter>Header Files</Filter>
    </ClInclude>
    <ClInclude Include="mtl\Map.h">
      <Filter>Header Files</Filter>
    </ClInclude>
    <ClInclude Include="mtl\Queue.h">
      <Filter>Header Files</Filter>
    </ClInclude>
    <ClInclude Include="mtl\Sort.h">
      <Filter>Header Files</Filter>
    </ClInclude>
    <ClInclude Include="mtl\Vec.h">
      <Filter>Header Files</Filter>
    </ClInclude>
  </ItemGroup>
</Project>